
Microsoft Visual Studio Solution File, Format Version 12.00
Project("{FAE04EC0-301F-11D3-BF4B-00C04F79EFBC}") = "API", "API\API.csproj", "{C7FA8CF1-4368-467F-8623-1E7EFAE61164}"
EndProject
Project("{FAE04EC0-301F-11D3-BF4B-00C04F79EFBC}") = "Application", "Application\Application.csproj", "{C195D786-29FF-4FAF-9474-D723C1F2A278}"
EndProject
Project("{FAE04EC0-301F-11D3-BF4B-00C04F79EFBC}") = "Domain", "Domain\Domain.csproj", "{322FCF0D-71A0-4F92-A667-540856289AA7}"
EndProject
Project("{FAE04EC0-301F-11D3-BF4B-00C04F79EFBC}") = "Persistence", "Persistence\Persistence.csproj", "{9FF1723D-51F9-4A44-800F-5FC8E9C40C00}"
EndProject
Project("{FAE04EC0-301F-11D3-BF4B-00C04F79EFBC}") = "Infrastructure", "Infrastructure\Infrastructure.csproj", "{8AF34ADC-740C-4081-8D07-E848C48672CD}"
EndProject
Global
	GlobalSection(SolutionConfigurationPlatforms) = preSolution
		Debug|Any CPU = Debug|Any CPU
		Release|Any CPU = Release|Any CPU
	EndGlobalSection
	GlobalSection(ProjectConfigurationPlatforms) = postSolution
		{C7FA8CF1-4368-467F-8623-1E7EFAE61164}.Debug|Any CPU.ActiveCfg = Debug|Any CPU
		{C7FA8CF1-4368-467F-8623-1E7EFAE61164}.Debug|Any CPU.Build.0 = Debug|Any CPU
		{C7FA8CF1-4368-467F-8623-1E7EFAE61164}.Release|Any CPU.ActiveCfg = Release|Any CPU
		{C7FA8CF1-4368-467F-8623-1E7EFAE61164}.Release|Any CPU.Build.0 = Release|Any CPU
		{C195D786-29FF-4FAF-9474-D723C1F2A278}.Debug|Any CPU.ActiveCfg = Debug|Any CPU
		{C195D786-29FF-4FAF-9474-D723C1F2A278}.Debug|Any CPU.Build.0 = Debug|Any CPU
		{C195D786-29FF-4FAF-9474-D723C1F2A278}.Release|Any CPU.ActiveCfg = Release|Any CPU
		{C195D786-29FF-4FAF-9474-D723C1F2A278}.Release|Any CPU.Build.0 = Release|Any CPU
		{322FCF0D-71A0-4F92-A667-540856289AA7}.Debug|Any CPU.ActiveCfg = Debug|Any CPU
		{322FCF0D-71A0-4F92-A667-540856289AA7}.Debug|Any CPU.Build.0 = Debug|Any CPU
		{322FCF0D-71A0-4F92-A667-540856289AA7}.Release|Any CPU.ActiveCfg = Release|Any CPU
		{322FCF0D-71A0-4F92-A667-540856289AA7}.Release|Any CPU.Build.0 = Release|Any CPU
		{9FF1723D-51F9-4A44-800F-5FC8E9C40C00}.Debug|Any CPU.ActiveCfg = Debug|Any CPU
		{9FF1723D-51F9-4A44-800F-5FC8E9C40C00}.Debug|Any CPU.Build.0 = Debug|Any CPU
		{9FF1723D-51F9-4A44-800F-5FC8E9C40C00}.Release|Any CPU.ActiveCfg = Release|Any CPU
		{9FF1723D-51F9-4A44-800F-5FC8E9C40C00}.Release|Any CPU.Build.0 = Release|Any CPU
		{8AF34ADC-740C-4081-8D07-E848C48672CD}.Debug|Any CPU.ActiveCfg = Debug|Any CPU
		{8AF34ADC-740C-4081-8D07-E848C48672CD}.Debug|Any CPU.Build.0 = Debug|Any CPU
		{8AF34ADC-740C-4081-8D07-E848C48672CD}.Release|Any CPU.ActiveCfg = Release|Any CPU
		{8AF34ADC-740C-4081-8D07-E848C48672CD}.Release|Any CPU.Build.0 = Release|Any CPU
	EndGlobalSection
EndGlobal
